
Microsoft Visual Studio Solution File, Format Version 12.00
# Visual Studio Version 17
VisualStudioVersion = 17.1.32210.238
MinimumVisualStudioVersion = 10.0.40219.1
Project("{2150E333-8FDC-42A3-9474-1A3956D46DE8}") = "Solution Items", "Solution Items", "{2D31D94D-9E41-4610-96FD-6CC4EFB27329}"
	ProjectSection(SolutionItems) = preProject
		.editorconfig = .editorconfig
		.gitignore = .gitignore
		Doxyfile = Doxyfile
		en-GB_User.dic = en-GB_User.dic
		en_GB.aff = en_GB.aff
		en_GB.dic = en_GB.dic
		global.json = global.json
		LICENSE = LICENSE
		LogicMonitor.Api.sln.vsspell = LogicMonitor.Api.sln.vsspell
		README.md = README.md
		version.json = version.json
	EndProjectSection
EndProject
Project("{9A19103F-16F7-4668-BE54-9A1E7A4F7556}") = "LogicMonitor.Api", "LogicMonitor.Api\LogicMonitor.Api.csproj", "{48A7D1B8-E5FD-42B1-A151-102EEDCAB864}"
EndProject
Project("{9A19103F-16F7-4668-BE54-9A1E7A4F7556}") = "LogicMonitor.Api.Test", "LogicMonitor.Api.Test\LogicMonitor.Api.Test.csproj", "{6601C0EA-FDD4-4FF4-9F83-603F685EB709}"
EndProject
Project("{F5034706-568F-408A-B7B3-4D38C6DB8A32}") = "LogicMonitor.Api.Ps", "LogicMonitor.Api.Ps\LogicMonitor.Api.Ps.pssproj", "{6CAFC0C6-A428-4D30-A9F9-700E829FEA51}"
EndProject
Project("{2150E333-8FDC-42A3-9474-1A3956D46DE8}") = "docs", "docs", "{65AE7212-71F8-4CB1-A948-B4E5043CFDB7}"
	ProjectSection(SolutionItems) = preProject
		docs\Changes Required (Sorted).txt = docs\Changes Required (Sorted).txt
		docs\Changes Required.txt = docs\Changes Required.txt
		docs\New Models Required (Sorted).txt = docs\New Models Required (Sorted).txt
		docs\New Models Required.txt = docs\New Models Required.txt
	EndProjectSection
EndProject
Project("{2150E333-8FDC-42A3-9474-1A3956D46DE8}") = "V2", "V2", "{8C736DCE-C70D-41AD-8156-1A468B71746F}"
	ProjectSection(SolutionItems) = preProject
		docs\V2\V2SwaggerApi.json = docs\V2\V2SwaggerApi.json
	EndProjectSection
EndProject
Project("{2150E333-8FDC-42A3-9474-1A3956D46DE8}") = "V3", "V3", "{A0378B5F-E6E3-4DF6-B7BD-4AC64A86CA16}"
	ProjectSection(SolutionItems) = preProject
		docs\V3\V3SwaggerApi.json = docs\V3\V3SwaggerApi.json
	EndProjectSection
EndProject
Global
	GlobalSection(SolutionConfigurationPlatforms) = preSolution
		Debug|Any CPU = Debug|Any CPU
		Debug|x64 = Debug|x64
		Release|Any CPU = Release|Any CPU
		Release|x64 = Release|x64
	EndGlobalSection
	GlobalSection(ProjectConfigurationPlatforms) = postSolution
		{48A7D1B8-E5FD-42B1-A151-102EEDCAB864}.Debug|Any CPU.ActiveCfg = Debug|Any CPU
		{48A7D1B8-E5FD-42B1-A151-102EEDCAB864}.Debug|Any CPU.Build.0 = Debug|Any CPU
		{48A7D1B8-E5FD-42B1-A151-102EEDCAB864}.Debug|x64.ActiveCfg = Debug|Any CPU
		{48A7D1B8-E5FD-42B1-A151-102EEDCAB864}.Debug|x64.Build.0 = Debug|Any CPU
		{48A7D1B8-E5FD-42B1-A151-102EEDCAB864}.Release|Any CPU.ActiveCfg = Release|Any CPU
		{48A7D1B8-E5FD-42B1-A151-102EEDCAB864}.Release|Any CPU.Build.0 = Release|Any CPU
		{48A7D1B8-E5FD-42B1-A151-102EEDCAB864}.Release|x64.ActiveCfg = Release|Any CPU
		{48A7D1B8-E5FD-42B1-A151-102EEDCAB864}.Release|x64.Build.0 = Release|Any CPU
		{6601C0EA-FDD4-4FF4-9F83-603F685EB709}.Debug|Any CPU.ActiveCfg = Debug|x64
		{6601C0EA-FDD4-4FF4-9F83-603F685EB709}.Debug|Any CPU.Build.0 = Debug|x64
		{6601C0EA-FDD4-4FF4-9F83-603F685EB709}.Debug|x64.ActiveCfg = Debug|x64
		{6601C0EA-FDD4-4FF4-9F83-603F685EB709}.Debug|x64.Build.0 = Debug|x64
		{6601C0EA-FDD4-4FF4-9F83-603F685EB709}.Release|Any CPU.ActiveCfg = Release|x64
		{6601C0EA-FDD4-4FF4-9F83-603F685EB709}.Release|x64.ActiveCfg = Release|x64
		{6601C0EA-FDD4-4FF4-9F83-603F685EB709}.Release|x64.Build.0 = Release|x64
		{6CAFC0C6-A428-4D30-A9F9-700E829FEA51}.Debug|Any CPU.ActiveCfg = Debug|Any CPU
		{6CAFC0C6-A428-4D30-A9F9-700E829FEA51}.Debug|Any CPU.Build.0 = Debug|Any CPU
		{6CAFC0C6-A428-4D30-A9F9-700E829FEA51}.Debug|x64.ActiveCfg = Debug|Any CPU
		{6CAFC0C6-A428-4D30-A9F9-700E829FEA51}.Release|Any CPU.ActiveCfg = Release|Any CPU
		{6CAFC0C6-A428-4D30-A9F9-700E829FEA51}.Release|Any CPU.Build.0 = Release|Any CPU
		{6CAFC0C6-A428-4D30-A9F9-700E829FEA51}.Release|x64.ActiveCfg = Release|Any CPU
	EndGlobalSection
	GlobalSection(SolutionProperties) = preSolution
		HideSolutionNode = FALSE
	EndGlobalSection
	GlobalSection(NestedProjects) = preSolution
		{65AE7212-71F8-4CB1-A948-B4E5043CFDB7} = {2D31D94D-9E41-4610-96FD-6CC4EFB27329}
		{8C736DCE-C70D-41AD-8156-1A468B71746F} = {65AE7212-71F8-4CB1-A948-B4E5043CFDB7}
		{A0378B5F-E6E3-4DF6-B7BD-4AC64A86CA16} = {65AE7212-71F8-4CB1-A948-B4E5043CFDB7}
	EndGlobalSection
	GlobalSection(ExtensibilityGlobals) = postSolution
		SolutionGuid = {400FFF95-6C67-401F-BFD2-5A8FD83C1967}
	EndGlobalSection
EndGlobal
